<?xml version="1.0" encoding="utf-8"?>
<Project ToolsVersion="4.0" xmlns="http://schemas.microsoft.com/developer/msbuild/2003">
  <ItemGroup>
    <Filter Include="include">
      <UniqueIdentifier>{09b5c421-01ed-49a6-bb9f-813c34757628}</UniqueIdentifier>
    </Filter>
    <Filter Include="include\msg">
      <UniqueIdentifier>{2dc5da56-33b3-4aab-ba43-bdd5e10eac77}</UniqueIdentifier>
    </Filter>
    <Filter Include="include\msg-handler">
      <UniqueIdentifier>{0ea66b33-135e-43f5-baa5-59ee7e785061}</UniqueIdentifier>
    </Filter>
    <Filter Include="src">
      <UniqueIdentifier>{28791ad7-7e9b-48ea-88f9-1f20a5be7fa1}</UniqueIdentifier>
    </Filter>
  </ItemGroup>
  <ItemGroup>
    <ClInclude Include="..\include\msg\MessageAbilityQuery.hpp">
      <Filter>include\msg</Filter>
    </ClInclude>
    <ClInclude Include="..\include\msg\MessageAbilityQueryACK.hpp">
      <Filter>include\msg</Filter>
    </ClInclude>
    <ClInclude Include="..\include\msg\MessageExceptionReport.hpp">
      <Filter>include\msg</Filter>
    </ClInclude>
    <ClInclude Include="..\include\msg\MessageGreeting.hpp">
      <Filter>include\msg</Filter>
    </ClInclude>
    <ClInclude Include="..\include\msg\MessageHeartBeat.hpp">
      <Filter>include\msg</Filter>
    </ClInclude>
    <ClInclude Include="..\include\msg\MessageIntro.hpp">
      <Filter>include\msg</Filter>
    </ClInclude>
    <ClInclude Include="..\include\msg\MessageResourcesQuery.hpp">
      <Filter>include\msg</Filter>
    </ClInclude>
    <ClInclude Include="..\include\msg\MessageResourcesQueryACK.hpp">
      <Filter>include\msg</Filter>
    </ClInclude>
    <ClInclude Include="..\include\msg\MessageStatusReport.hpp">
      <Filter>include\msg</Filter>
    </ClInclude>
    <ClInclude Include="..\include\msg\MessageTaskCancel.hpp">
      <Filter>include\msg</Filter>
    </ClInclude>
    <ClInclude Include="..\include\msg\MessageTaskContinue.hpp">
      <Filter>include\msg</Filter>
    </ClInclude>
    <ClInclude Include="..\include\msg\MessageTaskDeliver.hpp">
      <Filter>include\msg</Filter>
    </ClInclude>
    <ClInclude Include="..\include\msg\MessageTaskDeliverACK.hpp">
      <Filter>include\msg</Filter>
    </ClInclude>
    <ClInclude Include="..\include\msg\MessageTaskPause.hpp">
      <Filter>include\msg</Filter>
    </ClInclude>
    <ClInclude Include="..\include\msg\MessageTaskQuery.hpp">
      <Filter>include\msg</Filter>
    </ClInclude>
    <ClInclude Include="..\include\msg\MessageTaskQueryACK.hpp">
      <Filter>include\msg</Filter>
    </ClInclude>
    <ClInclude Include="..\include\msg\MessageTaskRestart.hpp">
      <Filter>include\msg</Filter>
    </ClInclude>
    <ClInclude Include="..\include\msghandler\MessageAbilityQueryACKHandler.hpp">
      <Filter>include\msg-handler</Filter>
    </ClInclude>
    <ClInclude Include="..\include\msghandler\MessageAbilityQueryHandler.hpp">
      <Filter>include\msg-handler</Filter>
    </ClInclude>
    <ClInclude Include="..\include\msghandler\MessageExceptionReportHandler.hpp">
      <Filter>include\msg-handler</Filter>
    </ClInclude>
    <ClInclude Include="..\include\msghandler\MessageGreetingHandler.hpp">
      <Filter>include\msg-handler</Filter>
    </ClInclude>
    <ClInclude Include="..\include\msghandler\MessageHeartBeatHandler.hpp">
      <Filter>include\msg-handler</Filter>
    </ClInclude>
    <ClInclude Include="..\include\msghandler\MessageIntroHandler.hpp">
      <Filter>include\msg-handler</Filter>
    </ClInclude>
    <ClInclude Include="..\include\msghandler\MessageResourcesQueryACKHandler.hpp">
      <Filter>include\msg-handler</Filter>
    </ClInclude>
    <ClInclude Include="..\include\msghandler\MessageResourcesQueryHandler.hpp">
      <Filter>include\msg-handler</Filter>
    </ClInclude>
    <ClInclude Include="..\include\msghandler\MessagesHandler.hpp">
      <Filter>include\msg-handler</Filter>
    </ClInclude>
    <ClInclude Include="..\include\msghandler\MessageStatusReportHandler.hpp">
      <Filter>include\msg-handler</Filter>
    </ClInclude>
    <ClInclude Include="..\include\msghandler\MessageTaskCancelHandler.hpp">
      <Filter>include\msg-handler</Filter>
    </ClInclude>
    <ClInclude Include="..\include\msghandler\MessageTaskContinueHandler.hpp">
      <Filter>include\msg-handler</Filter>
    </ClInclude>
    <ClInclude Include="..\include\msghandler\MessageTaskDeliverACKHandler.hpp">
      <Filter>include\msg-handler</Filter>
    </ClInclude>
    <ClInclude Include="..\include\msghandler\MessageTaskDeliverHandler.hpp">
      <Filter>include\msg-handler</Filter>
    </ClInclude>
    <ClInclude Include="..\include\msghandler\MessageTaskPauseHandler.hpp">
      <Filter>include\msg-handler</Filter>
    </ClInclude>
    <ClInclude Include="..\include\msghandler\MessageTaskQueryACKHandler.hpp">
      <Filter>include\msg-handler</Filter>
    </ClInclude>
    <ClInclude Include="..\include\msghandler\MessageTaskQueryHandler.hpp">
      <Filter>include\msg-handler</Filter>
    </ClInclude>
    <ClInclude Include="..\include\msghandler\MessageTaskRestartHandler.hpp">
      <Filter>include\msg-handler</Filter>
    </ClInclude>
    <ClInclude Include="..\include\MasterFetcher.h">
      <Filter>include</Filter>
    </ClInclude>
    <ClInclude Include="..\include\PostOffice.h">
      <Filter>include</Filter>
    </ClInclude>
    <ClInclude Include="..\include\msg\MessageCommand.hpp">
      <Filter>include\msg</Filter>
    </ClInclude>
    <ClInclude Include="..\include\msghandler\MessageCommandHandler.hpp">
      <Filter>include\msg-handler</Filter>
    </ClInclude>
    <ClInclude Include="..\include\FileDownloader.h">
      <Filter>include</Filter>
    </ClInclude>
  </ItemGroup>
  <ItemGroup>
    <ClCompile Include="..\src\cli-main.cpp">
      <Filter>src</Filter>
    </ClCompile>
    <ClCompile Include="..\include\PostOffice.cpp">
      <Filter>src</Filter>
    </ClCompile>
    <ClCompile Include="..\src\FileDownloader.cpp">
      <Filter>src</Filter>
    </ClCompile>
  </ItemGroup>
</Project>